{
  "name": "prismaql-cli",
  "version": "0.1.2",
  "lockfileVersion": 3,
  "requires": true,
  "packages": {
    "": {
      "name": "prismaql-cli",
      "version": "0.1.2",
      "license": "MIT",
      "dependencies": {
        "boxen": "^8.0.1",
        "chalk": "^5.4.1",
        "inquirer": "^12.3.2",
        "prismalux": "^0.1.3",
        "prismaql": "^0.1.0"
      },
      "bin": {
        "prismaql": "output/esm/index.js"
      },
      "devDependencies": {
        "@types/node": "^22.10.10",
        "typescript": "^5.7.2"
      }
    },
    "node_modules/@chevrotain/cst-dts-gen": {
      "version": "10.5.0",
      "resolved": "https://registry.npmjs.org/@chevrotain/cst-dts-gen/-/cst-dts-gen-10.5.0.tgz",
      "integrity": "sha512-lhmC/FyqQ2o7pGK4Om+hzuDrm9rhFYIJ/AXoQBeongmn870Xeb0L6oGEiuR8nohFNL5sMaQEJWCxr1oIVIVXrw==",
      "license": "Apache-2.0",
      "dependencies": {
        "@chevrotain/gast": "10.5.0",
        "@chevrotain/types": "10.5.0",
        "lodash": "4.17.21"
      }
    },
    "node_modules/@chevrotain/gast": {
      "version": "10.5.0",
      "resolved": "https://registry.npmjs.org/@chevrotain/gast/-/gast-10.5.0.tgz",
      "integrity": "sha512-pXdMJ9XeDAbgOWKuD1Fldz4ieCs6+nLNmyVhe2gZVqoO7v8HXuHYs5OV2EzUtbuai37TlOAQHrTDvxMnvMJz3A==",
      "license": "Apache-2.0",
      "dependencies": {
        "@chevrotain/types": "10.5.0",
        "lodash": "4.17.21"
      }
    },
    "node_modules/@chevrotain/types": {
      "version": "10.5.0",
      "resolved": "https://registry.npmjs.org/@chevrotain/types/-/types-10.5.0.tgz",
      "integrity": "sha512-f1MAia0x/pAVPWH/T73BJVyO2XU5tI4/iE7cnxb7tqdNTNhQI3Uq3XkqcoteTmD4t1aM0LbHCJOhgIDn07kl2A==",
      "license": "Apache-2.0"
    },
    "node_modules/@chevrotain/utils": {
      "version": "10.5.0",
      "resolved": "https://registry.npmjs.org/@chevrotain/utils/-/utils-10.5.0.tgz",
      "integrity": "sha512-hBzuU5+JjB2cqNZyszkDHZgOSrUUT8V3dhgRl8Q9Gp6dAj/H5+KILGjbhDpc3Iy9qmqlm/akuOI2ut9VUtzJxQ==",
      "license": "Apache-2.0"
    },
    "node_modules/@colors/colors": {
      "version": "1.5.0",
      "resolved": "https://registry.npmjs.org/@colors/colors/-/colors-1.5.0.tgz",
      "integrity": "sha512-ooWCrlZP11i8GImSjTHYHLkvFDP48nS4+204nGb1RiX/WXYHmJA2III9/e2DWVabCESdW7hBAEzHRqUn9OUVvQ==",
      "license": "MIT",
      "optional": true,
      "engines": {
        "node": ">=0.1.90"
      }
    },
    "node_modules/@esbuild/win32-x64": {
      "version": "0.25.0",
      "resolved": "https://registry.npmjs.org/@esbuild/win32-x64/-/win32-x64-0.25.0.tgz",
      "integrity": "sha512-ZENoHJBxA20C2zFzh6AI4fT6RraMzjYw4xKWemRTRmRVtN9c5DcH9r/f2ihEkMjOW5eGgrwCslG/+Y/3bL+DHQ==",
      "cpu": [
        "x64"
      ],
      "license": "MIT",
      "optional": true,
      "os": [
        "win32"
      ],
      "engines": {
        "node": ">=18"
      }
    },
    "node_modules/@inquirer/checkbox": {
      "version": "4.1.2",
      "resolved": "https://registry.npmjs.org/@inquirer/checkbox/-/checkbox-4.1.2.tgz",
      "integrity": "sha512-PL9ixC5YsPXzXhAZFUPmkXGxfgjkdfZdPEPPmt4kFwQ4LBMDG9n/nHXYRGGZSKZJs+d1sGKWgS2GiPzVRKUdtQ==",
      "license": "MIT",
      "dependencies": {
        "@inquirer/core": "^10.1.7",
        "@inquirer/figures": "^1.0.10",
        "@inquirer/type": "^3.0.4",
        "ansi-escapes": "^4.3.2",
        "yoctocolors-cjs": "^2.1.2"
      },
      "engines": {
        "node": ">=18"
      },
      "peerDependencies": {
        "@types/node": ">=18"
      },
      "peerDependenciesMeta": {
        "@types/node": {
          "optional": true
        }
      }
    },
    "node_modules/@inquirer/confirm": {
      "version": "5.1.6",
      "resolved": "https://registry.npmjs.org/@inquirer/confirm/-/confirm-5.1.6.tgz",
      "integrity": "sha512-6ZXYK3M1XmaVBZX6FCfChgtponnL0R6I7k8Nu+kaoNkT828FVZTcca1MqmWQipaW2oNREQl5AaPCUOOCVNdRMw==",
      "license": "MIT",
      "dependencies": {
        "@inquirer/core": "^10.1.7",
        "@inquirer/type": "^3.0.4"
      },
      "engines": {
        "node": ">=18"
      },
      "peerDependencies": {
        "@types/node": ">=18"
      },
      "peerDependenciesMeta": {
        "@types/node": {
          "optional": true
        }
      }
    },
    "node_modules/@inquirer/core": {
      "version": "10.1.7",
      "resolved": "https://registry.npmjs.org/@inquirer/core/-/core-10.1.7.tgz",
      "integrity": "sha512-AA9CQhlrt6ZgiSy6qoAigiA1izOa751ugX6ioSjqgJ+/Gd+tEN/TORk5sUYNjXuHWfW0r1n/a6ak4u/NqHHrtA==",
      "license": "MIT",
      "dependencies": {
        "@inquirer/figures": "^1.0.10",
        "@inquirer/type": "^3.0.4",
        "ansi-escapes": "^4.3.2",
        "cli-width": "^4.1.0",
        "mute-stream": "^2.0.0",
        "signal-exit": "^4.1.0",
        "wrap-ansi": "^6.2.0",
        "yoctocolors-cjs": "^2.1.2"
      },
      "engines": {
        "node": ">=18"
      },
      "peerDependencies": {
        "@types/node": ">=18"
      },
      "peerDependenciesMeta": {
        "@types/node": {
          "optional": true
        }
      }
    },
    "node_modules/@inquirer/editor": {
      "version": "4.2.7",
      "resolved": "https://registry.npmjs.org/@inquirer/editor/-/editor-4.2.7.tgz",
      "integrity": "sha512-gktCSQtnSZHaBytkJKMKEuswSk2cDBuXX5rxGFv306mwHfBPjg5UAldw9zWGoEyvA9KpRDkeM4jfrx0rXn0GyA==",
      "license": "MIT",
      "dependencies": {
        "@inquirer/core": "^10.1.7",
        "@inquirer/type": "^3.0.4",
        "external-editor": "^3.1.0"
      },
      "engines": {
        "node": ">=18"
      },
      "peerDependencies": {
        "@types/node": ">=18"
      },
      "peerDependenciesMeta": {
        "@types/node": {
          "optional": true
        }
      }
    },
    "node_modules/@inquirer/expand": {
      "version": "4.0.9",
      "resolved": "https://registry.npmjs.org/@inquirer/expand/-/expand-4.0.9.tgz",
      "integrity": "sha512-Xxt6nhomWTAmuSX61kVgglLjMEFGa+7+F6UUtdEUeg7fg4r9vaFttUUKrtkViYYrQBA5Ia1tkOJj2koP9BuLig==",
      "license": "MIT",
      "dependencies": {
        "@inquirer/core": "^10.1.7",
        "@inquirer/type": "^3.0.4",
        "yoctocolors-cjs": "^2.1.2"
      },
      "engines": {
        "node": ">=18"
      },
      "peerDependencies": {
        "@types/node": ">=18"
      },
      "peerDependenciesMeta": {
        "@types/node": {
          "optional": true
        }
      }
    },
    "node_modules/@inquirer/figures": {
      "version": "1.0.10",
      "resolved": "https://registry.npmjs.org/@inquirer/figures/-/figures-1.0.10.tgz",
      "integrity": "sha512-Ey6176gZmeqZuY/W/nZiUyvmb1/qInjcpiZjXWi6nON+nxJpD1bxtSoBxNliGISae32n6OwbY+TSXPZ1CfS4bw==",
      "license": "MIT",
      "engines": {
        "node": ">=18"
      }
    },
    "node_modules/@inquirer/input": {
      "version": "4.1.6",
      "resolved": "https://registry.npmjs.org/@inquirer/input/-/input-4.1.6.tgz",
      "integrity": "sha512-1f5AIsZuVjPT4ecA8AwaxDFNHny/tSershP/cTvTDxLdiIGTeILNcKozB0LaYt6mojJLUbOYhpIxicaYf7UKIQ==",
      "license": "MIT",
      "dependencies": {
        "@inquirer/core": "^10.1.7",
        "@inquirer/type": "^3.0.4"
      },
      "engines": {
        "node": ">=18"
      },
      "peerDependencies": {
        "@types/node": ">=18"
      },
      "peerDependenciesMeta": {
        "@types/node": {
          "optional": true
        }
      }
    },
    "node_modules/@inquirer/number": {
      "version": "3.0.9",
      "resolved": "https://registry.npmjs.org/@inquirer/number/-/number-3.0.9.tgz",
      "integrity": "sha512-iN2xZvH3tyIYXLXBvlVh0npk1q/aVuKXZo5hj+K3W3D4ngAEq/DkLpofRzx6oebTUhBvOgryZ+rMV0yImKnG3w==",
      "license": "MIT",
      "dependencies": {
        "@inquirer/core": "^10.1.7",
        "@inquirer/type": "^3.0.4"
      },
      "engines": {
        "node": ">=18"
      },
      "peerDependencies": {
        "@types/node": ">=18"
      },
      "peerDependenciesMeta": {
        "@types/node": {
          "optional": true
        }
      }
    },
    "node_modules/@inquirer/password": {
      "version": "4.0.9",
      "resolved": "https://registry.npmjs.org/@inquirer/password/-/password-4.0.9.tgz",
      "integrity": "sha512-xBEoOw1XKb0rIN208YU7wM7oJEHhIYkfG7LpTJAEW913GZeaoQerzf5U/LSHI45EVvjAdgNXmXgH51cUXKZcJQ==",
      "license": "MIT",
      "dependencies": {
        "@inquirer/core": "^10.1.7",
        "@inquirer/type": "^3.0.4",
        "ansi-escapes": "^4.3.2"
      },
      "engines": {
        "node": ">=18"
      },
      "peerDependencies": {
        "@types/node": ">=18"
      },
      "peerDependenciesMeta": {
        "@types/node": {
          "optional": true
        }
      }
    },
    "node_modules/@inquirer/prompts": {
      "version": "7.3.2",
      "resolved": "https://registry.npmjs.org/@inquirer/prompts/-/prompts-7.3.2.tgz",
      "integrity": "sha512-G1ytyOoHh5BphmEBxSwALin3n1KGNYB6yImbICcRQdzXfOGbuJ9Jske/Of5Sebk339NSGGNfUshnzK8YWkTPsQ==",
      "license": "MIT",
      "dependencies": {
        "@inquirer/checkbox": "^4.1.2",
        "@inquirer/confirm": "^5.1.6",
        "@inquirer/editor": "^4.2.7",
        "@inquirer/expand": "^4.0.9",
        "@inquirer/input": "^4.1.6",
        "@inquirer/number": "^3.0.9",
        "@inquirer/password": "^4.0.9",
        "@inquirer/rawlist": "^4.0.9",
        "@inquirer/search": "^3.0.9",
        "@inquirer/select": "^4.0.9"
      },
      "engines": {
        "node": ">=18"
      },
      "peerDependencies": {
        "@types/node": ">=18"
      },
      "peerDependenciesMeta": {
        "@types/node": {
          "optional": true
        }
      }
    },
    "node_modules/@inquirer/rawlist": {
      "version": "4.0.9",
      "resolved": "https://registry.npmjs.org/@inquirer/rawlist/-/rawlist-4.0.9.tgz",
      "integrity": "sha512-+5t6ebehKqgoxV8fXwE49HkSF2Rc9ijNiVGEQZwvbMI61/Q5RcD+jWD6Gs1tKdz5lkI8GRBL31iO0HjGK1bv+A==",
      "license": "MIT",
      "dependencies": {
        "@inquirer/core": "^10.1.7",
        "@inquirer/type": "^3.0.4",
        "yoctocolors-cjs": "^2.1.2"
      },
      "engines": {
        "node": ">=18"
      },
      "peerDependencies": {
        "@types/node": ">=18"
      },
      "peerDependenciesMeta": {
        "@types/node": {
          "optional": true
        }
      }
    },
    "node_modules/@inquirer/search": {
      "version": "3.0.9",
      "resolved": "https://registry.npmjs.org/@inquirer/search/-/search-3.0.9.tgz",
      "integrity": "sha512-DWmKztkYo9CvldGBaRMr0ETUHgR86zE6sPDVOHsqz4ISe9o1LuiWfgJk+2r75acFclA93J/lqzhT0dTjCzHuoA==",
      "license": "MIT",
      "dependencies": {
        "@inquirer/core": "^10.1.7",
        "@inquirer/figures": "^1.0.10",
        "@inquirer/type": "^3.0.4",
        "yoctocolors-cjs": "^2.1.2"
      },
      "engines": {
        "node": ">=18"
      },
      "peerDependencies": {
        "@types/node": ">=18"
      },
      "peerDependenciesMeta": {
        "@types/node": {
          "optional": true
        }
      }
    },
    "node_modules/@inquirer/select": {
      "version": "4.0.9",
      "resolved": "https://registry.npmjs.org/@inquirer/select/-/select-4.0.9.tgz",
      "integrity": "sha512-BpJyJe7Dkhv2kz7yG7bPSbJLQuu/rqyNlF1CfiiFeFwouegfH+zh13KDyt6+d9DwucKo7hqM3wKLLyJxZMO+Xg==",
      "license": "MIT",
      "dependencies": {
        "@inquirer/core": "^10.1.7",
        "@inquirer/figures": "^1.0.10",
        "@inquirer/type": "^3.0.4",
        "ansi-escapes": "^4.3.2",
        "yoctocolors-cjs": "^2.1.2"
      },
      "engines": {
        "node": ">=18"
      },
      "peerDependencies": {
        "@types/node": ">=18"
      },
      "peerDependenciesMeta": {
        "@types/node": {
          "optional": true
        }
      }
    },
    "node_modules/@inquirer/type": {
      "version": "3.0.4",
      "resolved": "https://registry.npmjs.org/@inquirer/type/-/type-3.0.4.tgz",
      "integrity": "sha512-2MNFrDY8jkFYc9Il9DgLsHhMzuHnOYM1+CUYVWbzu9oT0hC7V7EcYvdCKeoll/Fcci04A+ERZ9wcc7cQ8lTkIA==",
      "license": "MIT",
      "engines": {
        "node": ">=18"
      },
      "peerDependencies": {
        "@types/node": ">=18"
      },
      "peerDependenciesMeta": {
        "@types/node": {
          "optional": true
        }
      }
    },
    "node_modules/@mrleebo/prisma-ast": {
      "version": "0.12.1",
      "resolved": "https://registry.npmjs.org/@mrleebo/prisma-ast/-/prisma-ast-0.12.1.tgz",
      "integrity": "sha512-JwqeCQ1U3fvccttHZq7Tk0m/TMC6WcFAQZdukypW3AzlJYKYTGNVd1ANU2GuhKnv4UQuOFj3oAl0LLG/gxFN1w==",
      "license": "MIT",
      "dependencies": {
        "chevrotain": "^10.5.0",
        "lilconfig": "^2.1.0"
      },
      "engines": {
        "node": ">=16"
      }
    },
    "node_modules/@prisma/config": {
      "version": "6.4.1",
      "resolved": "https://registry.npmjs.org/@prisma/config/-/config-6.4.1.tgz",
      "integrity": "sha512-phJxM9V5/NJ4vFC0p1iM2Jcbe5D+Es/34BK3DVhmtCZ9NBiRskIeyp/5OY70LzgqZOsBtPhZutW2JD0+QdIVuw==",
      "license": "Apache-2.0",
      "dependencies": {
        "esbuild": ">=0.12 <1",
        "esbuild-register": "3.6.0"
      }
    },
    "node_modules/@prisma/debug": {
      "version": "6.4.1",
      "resolved": "https://registry.npmjs.org/@prisma/debug/-/debug-6.4.1.tgz",
      "integrity": "sha512-Q9xk6yjEGIThjSD8zZegxd5tBRNHYd13GOIG0nLsanbTXATiPXCLyvlYEfvbR2ft6dlRsziQXfQGxAgv7zcMUA==",
      "license": "Apache-2.0"
    },
    "node_modules/@prisma/engines": {
      "version": "6.4.1",
      "resolved": "https://registry.npmjs.org/@prisma/engines/-/engines-6.4.1.tgz",
      "integrity": "sha512-KldENzMHtKYwsOSLThghOIdXOBEsfDuGSrxAZjMnimBiDKd3AE4JQ+Kv+gBD/x77WoV9xIPf25GXMWffXZ17BA==",
      "hasInstallScript": true,
      "license": "Apache-2.0",
      "dependencies": {
        "@prisma/debug": "6.4.1",
        "@prisma/engines-version": "6.4.0-29.a9055b89e58b4b5bfb59600785423b1db3d0e75d",
        "@prisma/fetch-engine": "6.4.1",
        "@prisma/get-platform": "6.4.1"
      }
    },
    "node_modules/@prisma/engines-version": {
      "version": "6.4.0-29.a9055b89e58b4b5bfb59600785423b1db3d0e75d",
      "resolved": "https://registry.npmjs.org/@prisma/engines-version/-/engines-version-6.4.0-29.a9055b89e58b4b5bfb59600785423b1db3d0e75d.tgz",
      "integrity": "sha512-Xq54qw55vaCGrGgIJqyDwOq0TtjZPJEWsbQAHugk99hpDf2jcEeQhUcF+yzEsSqegBaDNLA4IC8Nn34sXmkiTQ==",
      "license": "Apache-2.0"
    },
    "node_modules/@prisma/fetch-engine": {
      "version": "6.4.1",
      "resolved": "https://registry.npmjs.org/@prisma/fetch-engine/-/fetch-engine-6.4.1.tgz",
      "integrity": "sha512-uZ5hVeTmDspx7KcaRCNoXmcReOD+84nwlO2oFvQPRQh9xiFYnnUKDz7l9bLxp8t4+25CsaNlgrgilXKSQwrIGQ==",
      "license": "Apache-2.0",
      "dependencies": {
        "@prisma/debug": "6.4.1",
        "@prisma/engines-version": "6.4.0-29.a9055b89e58b4b5bfb59600785423b1db3d0e75d",
        "@prisma/get-platform": "6.4.1"
      }
    },
    "node_modules/@prisma/generator-helper": {
      "version": "6.4.1",
      "resolved": "https://registry.npmjs.org/@prisma/generator-helper/-/generator-helper-6.4.1.tgz",
      "integrity": "sha512-rf16mIHOBtgyEVfUXkqfGt94mU8Wp93yyC3iUltO7JSnnydwRNisJD/zygNCXjW7prEmKlJS4Ky5w/9z26tiLg==",
      "license": "Apache-2.0",
      "dependencies": {
        "@prisma/debug": "6.4.1"
      }
    },
    "node_modules/@prisma/get-platform": {
      "version": "6.4.1",
      "resolved": "https://registry.npmjs.org/@prisma/get-platform/-/get-platform-6.4.1.tgz",
      "integrity": "sha512-gXqZaDI5scDkBF8oza7fOD3Q3QMD0e0rBynlzDDZdTWbWmzjuW58PRZtj+jkvKje2+ZigCWkH8SsWZAsH6q1Yw==",
      "license": "Apache-2.0",
      "dependencies": {
        "@prisma/debug": "6.4.1"
      }
    },
    "node_modules/@prisma/internals": {
      "version": "6.4.1",
      "resolved": "https://registry.npmjs.org/@prisma/internals/-/internals-6.4.1.tgz",
      "integrity": "sha512-VkEhWuyFD3anHxdaCPkzgZDEIsBWojajgIhUQOBJ0+gzqAYBs1r+edJqRD6pPHnoJ7KhihM0riboZ54ZReNkDg==",
      "license": "Apache-2.0",
      "dependencies": {
        "@prisma/config": "6.4.1",
        "@prisma/debug": "6.4.1",
        "@prisma/engines": "6.4.1",
        "@prisma/fetch-engine": "6.4.1",
        "@prisma/generator-helper": "6.4.1",
        "@prisma/get-platform": "6.4.1",
        "@prisma/prisma-schema-wasm": "6.4.0-29.a9055b89e58b4b5bfb59600785423b1db3d0e75d",
        "@prisma/schema-files-loader": "6.4.1",
        "arg": "5.0.2",
        "prompts": "2.4.2"
      },
      "peerDependencies": {
        "typescript": ">=5.1.0"
      },
      "peerDependenciesMeta": {
        "typescript": {
          "optional": true
        }
      }
    },
    "node_modules/@prisma/prisma-schema-wasm": {
      "version": "6.4.0-29.a9055b89e58b4b5bfb59600785423b1db3d0e75d",
      "resolved": "https://registry.npmjs.org/@prisma/prisma-schema-wasm/-/prisma-schema-wasm-6.4.0-29.a9055b89e58b4b5bfb59600785423b1db3d0e75d.tgz",
      "integrity": "sha512-nq1XcNXsdYbCnMFwG7QyCRLb0M4ubQrhq+7HLu7ugLJonDUy17il5qnxk9tVjkgRoEAm1QNZmqG5dXGfAN2fmQ==",
      "license": "Apache-2.0"
    },
    "node_modules/@prisma/schema-files-loader": {
      "version": "6.4.1",
      "resolved": "https://registry.npmjs.org/@prisma/schema-files-loader/-/schema-files-loader-6.4.1.tgz",
      "integrity": "sha512-6Rh9BA7nliCJ2ns8/ioEgtezsm9Sydv5vH2Ja2SgZ5c30GbY1QInmmz9jVCsm5qol0iHsnSOPSRHR2FSQW+Mmw==",
      "license": "Apache-2.0",
      "dependencies": {
        "@prisma/prisma-schema-wasm": "6.4.0-29.a9055b89e58b4b5bfb59600785423b1db3d0e75d",
        "fs-extra": "11.1.1"
      }
    },
    "node_modules/@prisma/schema-files-loader/node_modules/fs-extra": {
      "version": "11.1.1",
      "resolved": "https://registry.npmjs.org/fs-extra/-/fs-extra-11.1.1.tgz",
      "integrity": "sha512-MGIE4HOvQCeUCzmlHs0vXpih4ysz4wg9qiSAu6cd42lVwPbTM1TjV7RusoyQqMmk/95gdQZX72u+YW+c3eEpFQ==",
      "license": "MIT",
      "dependencies": {
        "graceful-fs": "^4.2.0",
        "jsonfile": "^6.0.1",
        "universalify": "^2.0.0"
      },
      "engines": {
        "node": ">=14.14"
      }
    },
    "node_modules/@types/node": {
      "version": "22.13.9",
      "resolved": "https://registry.npmjs.org/@types/node/-/node-22.13.9.tgz",
      "integrity": "sha512-acBjXdRJ3A6Pb3tqnw9HZmyR3Fiol3aGxRCK1x3d+6CDAMjl7I649wpSd+yNURCjbOUGu9tqtLKnTGxmK6CyGw==",
      "devOptional": true,
      "license": "MIT",
      "dependencies": {
        "undici-types": "~6.20.0"
      }
    },
    "node_modules/ansi-align": {
      "version": "3.0.1",
      "resolved": "https://registry.npmjs.org/ansi-align/-/ansi-align-3.0.1.tgz",
      "integrity": "sha512-IOfwwBF5iczOjp/WeY4YxyjqAFMQoZufdQWDd19SEExbVLNXqvpzSJ/M7Za4/sCPmQ0+GRquoA7bGcINcxew6w==",
      "license": "ISC",
      "dependencies": {
        "string-width": "^4.1.0"
      }
    },
    "node_modules/ansi-align/node_modules/ansi-regex": {
      "version": "5.0.1",
      "resolved": "https://registry.npmjs.org/ansi-regex/-/ansi-regex-5.0.1.tgz",
      "integrity": "sha512-quJQXlTSUGL2LH9SUXo8VwsY4soanhgo6LNSm84E1LBcE8s3O0wpdiRzyR9z/ZZJMlMWv37qOOb9pdJlMUEKFQ==",
      "license": "MIT",
      "engines": {
        "node": ">=8"
      }
    },
    "node_modules/ansi-align/node_modules/emoji-regex": {
      "version": "8.0.0",
      "resolved": "https://registry.npmjs.org/emoji-regex/-/emoji-regex-8.0.0.tgz",
      "integrity": "sha512-MSjYzcWNOA0ewAHpz0MxpYFvwg6yjy1NG3xteoqz644VCo/RPgnr1/GGt+ic3iJTzQ8Eu3TdM14SawnVUmGE6A==",
      "license": "MIT"
    },
    "node_modules/ansi-align/node_modules/string-width": {
      "version": "4.2.3",
      "resolved": "https://registry.npmjs.org/string-width/-/string-width-4.2.3.tgz",
      "integrity": "sha512-wKyQRQpjJ0sIp62ErSZdGsjMJWsap5oRNihHhu6G7JVO/9jIB6UyevL+tXuOqrng8j/cxKTWyWUwvSTriiZz/g==",
      "license": "MIT",
      "dependencies": {
        "emoji-regex": "^8.0.0",
        "is-fullwidth-code-point": "^3.0.0",
        "strip-ansi": "^6.0.1"
      },
      "engines": {
        "node": ">=8"
      }
    },
    "node_modules/ansi-align/node_modules/strip-ansi": {
      "version": "6.0.1",
      "resolved": "https://registry.npmjs.org/strip-ansi/-/strip-ansi-6.0.1.tgz",
      "integrity": "sha512-Y38VPSHcqkFrCpFnQ9vuSXmquuv5oXOKpGeT6aGrr3o3Gc9AlVa6JBfUSOCnbxGGZF+/0ooI7KrPuUSztUdU5A==",
      "license": "MIT",
      "dependencies": {
        "ansi-regex": "^5.0.1"
      },
      "engines": {
        "node": ">=8"
      }
    },
    "node_modules/ansi-escapes": {
      "version": "4.3.2",
      "resolved": "https://registry.npmjs.org/ansi-escapes/-/ansi-escapes-4.3.2.tgz",
      "integrity": "sha512-gKXj5ALrKWQLsYG9jlTRmR/xKluxHV+Z9QEwNIgCfM1/uwPMCuzVVnh5mwTd+OuBZcwSIMbqssNWRm1lE51QaQ==",
      "license": "MIT",
      "dependencies": {
        "type-fest": "^0.21.3"
      },
      "engines": {
        "node": ">=8"
      },
      "funding": {
        "url": "https://github.com/sponsors/sindresorhus"
      }
    },
    "node_modules/ansi-regex": {
      "version": "6.1.0",
      "resolved": "https://registry.npmjs.org/ansi-regex/-/ansi-regex-6.1.0.tgz",
      "integrity": "sha512-7HSX4QQb4CspciLpVFwyRe79O3xsIZDDLER21kERQ71oaPodF8jL725AgJMFAYbooIqolJoRLuM81SpeUkpkvA==",
      "license": "MIT",
      "engines": {
        "node": ">=12"
      },
      "funding": {
        "url": "https://github.com/chalk/ansi-regex?sponsor=1"
      }
    },
    "node_modules/ansi-styles": {
      "version": "4.3.0",
      "resolved": "https://registry.npmjs.org/ansi-styles/-/ansi-styles-4.3.0.tgz",
      "integrity": "sha512-zbB9rCJAT1rbjiVDb2hqKFHNYLxgtk8NURxZ3IZwD3F6NtxbXZQCnnSi1Lkx+IDohdPlFp222wVALIheZJQSEg==",
      "license": "MIT",
      "dependencies": {
        "color-convert": "^2.0.1"
      },
      "engines": {
        "node": ">=8"
      },
      "funding": {
        "url": "https://github.com/chalk/ansi-styles?sponsor=1"
      }
    },
    "node_modules/arg": {
      "version": "5.0.2",
      "resolved": "https://registry.npmjs.org/arg/-/arg-5.0.2.tgz",
      "integrity": "sha512-PYjyFOLKQ9y57JvQ6QLo8dAgNqswh8M1RMJYdQduT6xbWSgK36P/Z/v+p888pM69jMMfS8Xd8F6I1kQ/I9HUGg==",
      "license": "MIT"
    },
    "node_modules/boxen": {
      "version": "8.0.1",
      "resolved": "https://registry.npmjs.org/boxen/-/boxen-8.0.1.tgz",
      "integrity": "sha512-F3PH5k5juxom4xktynS7MoFY+NUWH5LC4CnH11YB8NPew+HLpmBLCybSAEyb2F+4pRXhuhWqFesoQd6DAyc2hw==",
      "license": "MIT",
      "dependencies": {
        "ansi-align": "^3.0.1",
        "camelcase": "^8.0.0",
        "chalk": "^5.3.0",
        "cli-boxes": "^3.0.0",
        "string-width": "^7.2.0",
        "type-fest": "^4.21.0",
        "widest-line": "^5.0.0",
        "wrap-ansi": "^9.0.0"
      },
      "engines": {
        "node": ">=18"
      },
      "funding": {
        "url": "https://github.com/sponsors/sindresorhus"
      }
    },
    "node_modules/boxen/node_modules/ansi-styles": {
      "version": "6.2.1",
      "resolved": "https://registry.npmjs.org/ansi-styles/-/ansi-styles-6.2.1.tgz",
      "integrity": "sha512-bN798gFfQX+viw3R7yrGWRqnrN2oRkEkUjjl4JNn4E8GxxbjtG3FbrEIIY3l8/hrwUwIeCZvi4QuOTP4MErVug==",
      "license": "MIT",
      "engines": {
        "node": ">=12"
      },
      "funding": {
        "url": "https://github.com/chalk/ansi-styles?sponsor=1"
      }
    },
    "node_modules/boxen/node_modules/type-fest": {
      "version": "4.37.0",
      "resolved": "https://registry.npmjs.org/type-fest/-/type-fest-4.37.0.tgz",
      "integrity": "sha512-S/5/0kFftkq27FPNye0XM1e2NsnoD/3FS+pBmbjmmtLT6I+i344KoOf7pvXreaFsDamWeaJX55nczA1m5PsBDg==",
      "license": "(MIT OR CC0-1.0)",
      "engines": {
        "node": ">=16"
      },
      "funding": {
        "url": "https://github.com/sponsors/sindresorhus"
      }
    },
    "node_modules/boxen/node_modules/wrap-ansi": {
      "version": "9.0.0",
      "resolved": "https://registry.npmjs.org/wrap-ansi/-/wrap-ansi-9.0.0.tgz",
      "integrity": "sha512-G8ura3S+3Z2G+mkgNRq8dqaFZAuxfsxpBB8OCTGRTCtp+l/v9nbFNmCUP1BZMts3G1142MsZfn6eeUKrr4PD1Q==",
      "license": "MIT",
      "dependencies": {
        "ansi-styles": "^6.2.1",
        "string-width": "^7.0.0",
        "strip-ansi": "^7.1.0"
      },
      "engines": {
        "node": ">=18"
      },
      "funding": {
        "url": "https://github.com/chalk/wrap-ansi?sponsor=1"
      }
    },
    "node_modules/camelcase": {
      "version": "8.0.0",
      "resolved": "https://registry.npmjs.org/camelcase/-/camelcase-8.0.0.tgz",
      "integrity": "sha512-8WB3Jcas3swSvjIeA2yvCJ+Miyz5l1ZmB6HFb9R1317dt9LCQoswg/BGrmAmkWVEszSrrg4RwmO46qIm2OEnSA==",
      "license": "MIT",
      "engines": {
        "node": ">=16"
      },
      "funding": {
        "url": "https://github.com/sponsors/sindresorhus"
      }
    },
    "node_modules/chalk": {
      "version": "5.4.1",
      "resolved": "https://registry.npmjs.org/chalk/-/chalk-5.4.1.tgz",
      "integrity": "sha512-zgVZuo2WcZgfUEmsn6eO3kINexW8RAE4maiQ8QNs8CtpPCSyMiYsULR3HQYkm3w8FIA3SberyMJMSldGsW+U3w==",
      "license": "MIT",
      "engines": {
        "node": "^12.17.0 || ^14.13 || >=16.0.0"
      },
      "funding": {
        "url": "https://github.com/chalk/chalk?sponsor=1"
      }
    },
    "node_modules/change-case": {
      "version": "5.4.4",
      "resolved": "https://registry.npmjs.org/change-case/-/change-case-5.4.4.tgz",
      "integrity": "sha512-HRQyTk2/YPEkt9TnUPbOpr64Uw3KOicFWPVBb+xiHvd6eBx/qPr9xqfBFDT8P2vWsvvz4jbEkfDe71W3VyNu2w==",
      "license": "MIT"
    },
    "node_modules/chardet": {
      "version": "0.7.0",
      "resolved": "https://registry.npmjs.org/chardet/-/chardet-0.7.0.tgz",
      "integrity": "sha512-mT8iDcrh03qDGRRmoA2hmBJnxpllMR+0/0qlzjqZES6NdiWDcZkCNAk4rPFZ9Q85r27unkiNNg8ZOiwZXBHwcA==",
      "license": "MIT"
    },
    "node_modules/chevrotain": {
      "version": "10.5.0",
      "resolved": "https://registry.npmjs.org/chevrotain/-/chevrotain-10.5.0.tgz",
      "integrity": "sha512-Pkv5rBY3+CsHOYfV5g/Vs5JY9WTHHDEKOlohI2XeygaZhUeqhAlldZ8Hz9cRmxu709bvS08YzxHdTPHhffc13A==",
      "license": "Apache-2.0",
      "dependencies": {
        "@chevrotain/cst-dts-gen": "10.5.0",
        "@chevrotain/gast": "10.5.0",
        "@chevrotain/types": "10.5.0",
        "@chevrotain/utils": "10.5.0",
        "lodash": "4.17.21",
        "regexp-to-ast": "0.5.0"
      }
    },
    "node_modules/cli-boxes": {
      "version": "3.0.0",
      "resolved": "https://registry.npmjs.org/cli-boxes/-/cli-boxes-3.0.0.tgz",
      "integrity": "sha512-/lzGpEWL/8PfI0BmBOPRwp0c/wFNX1RdUML3jK/RcSBA9T8mZDdQpqYBKtCFTOfQbwPqWEOpjqW+Fnayc0969g==",
      "license": "MIT",
      "engines": {
        "node": ">=10"
      },
      "funding": {
        "url": "https://github.com/sponsors/sindresorhus"
      }
    },
    "node_modules/cli-table3": {
      "version": "0.6.5",
      "resolved": "https://registry.npmjs.org/cli-table3/-/cli-table3-0.6.5.tgz",
      "integrity": "sha512-+W/5efTR7y5HRD7gACw9yQjqMVvEMLBHmboM/kPWam+H+Hmyrgjh6YncVKK122YZkXrLudzTuAukUw9FnMf7IQ==",
      "license": "MIT",
      "dependencies": {
        "string-width": "^4.2.0"
      },
      "engines": {
        "node": "10.* || >= 12.*"
      },
      "optionalDependencies": {
        "@colors/colors": "1.5.0"
      }
    },
    "node_modules/cli-table3/node_modules/ansi-regex": {
      "version": "5.0.1",
      "resolved": "https://registry.npmjs.org/ansi-regex/-/ansi-regex-5.0.1.tgz",
      "integrity": "sha512-quJQXlTSUGL2LH9SUXo8VwsY4soanhgo6LNSm84E1LBcE8s3O0wpdiRzyR9z/ZZJMlMWv37qOOb9pdJlMUEKFQ==",
      "license": "MIT",
      "engines": {
        "node": ">=8"
      }
    },
    "node_modules/cli-table3/node_modules/emoji-regex": {
      "version": "8.0.0",
      "resolved": "https://registry.npmjs.org/emoji-regex/-/emoji-regex-8.0.0.tgz",
      "integrity": "sha512-MSjYzcWNOA0ewAHpz0MxpYFvwg6yjy1NG3xteoqz644VCo/RPgnr1/GGt+ic3iJTzQ8Eu3TdM14SawnVUmGE6A==",
      "license": "MIT"
    },
    "node_modules/cli-table3/node_modules/string-width": {
      "version": "4.2.3",
      "resolved": "https://registry.npmjs.org/string-width/-/string-width-4.2.3.tgz",
      "integrity": "sha512-wKyQRQpjJ0sIp62ErSZdGsjMJWsap5oRNihHhu6G7JVO/9jIB6UyevL+tXuOqrng8j/cxKTWyWUwvSTriiZz/g==",
      "license": "MIT",
      "dependencies": {
        "emoji-regex": "^8.0.0",
        "is-fullwidth-code-point": "^3.0.0",
        "strip-ansi": "^6.0.1"
      },
      "engines": {
        "node": ">=8"
      }
    },
    "node_modules/cli-table3/node_modules/strip-ansi": {
      "version": "6.0.1",
      "resolved": "https://registry.npmjs.org/strip-ansi/-/strip-ansi-6.0.1.tgz",
      "integrity": "sha512-Y38VPSHcqkFrCpFnQ9vuSXmquuv5oXOKpGeT6aGrr3o3Gc9AlVa6JBfUSOCnbxGGZF+/0ooI7KrPuUSztUdU5A==",
      "license": "MIT",
      "dependencies": {
        "ansi-regex": "^5.0.1"
      },
      "engines": {
        "node": ">=8"
      }
    },
    "node_modules/cli-width": {
      "version": "4.1.0",
      "resolved": "https://registry.npmjs.org/cli-width/-/cli-width-4.1.0.tgz",
      "integrity": "sha512-ouuZd4/dm2Sw5Gmqy6bGyNNNe1qt9RpmxveLSO7KcgsTnU7RXfsw+/bukWGo1abgBiMAic068rclZsO4IWmmxQ==",
      "license": "ISC",
      "engines": {
        "node": ">= 12"
      }
    },
    "node_modules/color-convert": {
      "version": "2.0.1",
      "resolved": "https://registry.npmjs.org/color-convert/-/color-convert-2.0.1.tgz",
      "integrity": "sha512-RRECPsj7iu/xb5oKYcsFHSppFNnsj/52OVTRKb4zP5onXwVF3zVmmToNcOfGC+CRDpfK/U584fMg38ZHCaElKQ==",
      "license": "MIT",
      "dependencies": {
        "color-name": "~1.1.4"
      },
      "engines": {
        "node": ">=7.0.0"
      }
    },
    "node_modules/color-name": {
      "version": "1.1.4",
      "resolved": "https://registry.npmjs.org/color-name/-/color-name-1.1.4.tgz",
      "integrity": "sha512-dOy+3AuW3a2wNbZHIuMZpTcgjGuLU/uBL/ubcZF9OXbDo8ff4O8yVp5Bf0efS8uEoYo5q4Fx7dY9OgQGXgAsQA==",
      "license": "MIT"
    },
    "node_modules/debug": {
      "version": "4.4.0",
      "resolved": "https://registry.npmjs.org/debug/-/debug-4.4.0.tgz",
      "integrity": "sha512-6WTZ/IxCY/T6BALoZHaE4ctp9xm+Z5kY/pzYaCHRFeyVhojxlrm+46y68HA6hr0TcwEssoxNiDEUJQjfPZ/RYA==",
      "license": "MIT",
      "dependencies": {
        "ms": "^2.1.3"
      },
      "engines": {
        "node": ">=6.0"
      },
      "peerDependenciesMeta": {
        "supports-color": {
          "optional": true
        }
      }
    },
    "node_modules/emoji-regex": {
      "version": "10.4.0",
      "resolved": "https://registry.npmjs.org/emoji-regex/-/emoji-regex-10.4.0.tgz",
      "integrity": "sha512-EC+0oUMY1Rqm4O6LLrgjtYDvcVYTy7chDnM4Q7030tP4Kwj3u/pR6gP9ygnp2CJMK5Gq+9Q2oqmrFJAz01DXjw==",
      "license": "MIT"
    },
    "node_modules/esbuild": {
      "version": "0.25.0",
      "resolved": "https://registry.npmjs.org/esbuild/-/esbuild-0.25.0.tgz",
      "integrity": "sha512-BXq5mqc8ltbaN34cDqWuYKyNhX8D/Z0J1xdtdQ8UcIIIyJyz+ZMKUt58tF3SrZ85jcfN/PZYhjR5uDQAYNVbuw==",
      "hasInstallScript": true,
      "license": "MIT",
      "bin": {
        "esbuild": "bin/esbuild"
      },
      "engines": {
        "node": ">=18"
      },
      "optionalDependencies": {
        "@esbuild/aix-ppc64": "0.25.0",
        "@esbuild/android-arm": "0.25.0",
        "@esbuild/android-arm64": "0.25.0",
        "@esbuild/android-x64": "0.25.0",
        "@esbuild/darwin-arm64": "0.25.0",
        "@esbuild/darwin-x64": "0.25.0",
        "@esbuild/freebsd-arm64": "0.25.0",
        "@esbuild/freebsd-x64": "0.25.0",
        "@esbuild/linux-arm": "0.25.0",
        "@esbuild/linux-arm64": "0.25.0",
        "@esbuild/linux-ia32": "0.25.0",
        "@esbuild/linux-loong64": "0.25.0",
        "@esbuild/linux-mips64el": "0.25.0",
        "@esbuild/linux-ppc64": "0.25.0",
        "@esbuild/linux-riscv64": "0.25.0",
        "@esbuild/linux-s390x": "0.25.0",
        "@esbuild/linux-x64": "0.25.0",
        "@esbuild/netbsd-arm64": "0.25.0",
        "@esbuild/netbsd-x64": "0.25.0",
        "@esbuild/openbsd-arm64": "0.25.0",
        "@esbuild/openbsd-x64": "0.25.0",
        "@esbuild/sunos-x64": "0.25.0",
        "@esbuild/win32-arm64": "0.25.0",
        "@esbuild/win32-ia32": "0.25.0",
        "@esbuild/win32-x64": "0.25.0"
      }
    },
    "node_modules/esbuild-register": {
      "version": "3.6.0",
      "resolved": "https://registry.npmjs.org/esbuild-register/-/esbuild-register-3.6.0.tgz",
      "integrity": "sha512-H2/S7Pm8a9CL1uhp9OvjwrBh5Pvx0H8qVOxNu8Wed9Y7qv56MPtq+GGM8RJpq6glYJn9Wspr8uw7l55uyinNeg==",
      "license": "MIT",
      "dependencies": {
        "debug": "^4.3.4"
      },
      "peerDependencies": {
        "esbuild": ">=0.12 <1"
      }
    },
    "node_modules/external-editor": {
      "version": "3.1.0",
      "resolved": "https://registry.npmjs.org/external-editor/-/external-editor-3.1.0.tgz",
      "integrity": "sha512-hMQ4CX1p1izmuLYyZqLMO/qGNw10wSv9QDCPfzXfyFrOaCSSoRfqE1Kf1s5an66J5JZC62NewG+mK49jOCtQew==",
      "license": "MIT",
      "dependencies": {
        "chardet": "^0.7.0",
        "iconv-lite": "^0.4.24",
        "tmp": "^0.0.33"
      },
      "engines": {
        "node": ">=4"
      }
    },
    "node_modules/fs-extra": {
      "version": "11.3.0",
      "resolved": "https://registry.npmjs.org/fs-extra/-/fs-extra-11.3.0.tgz",
      "integrity": "sha512-Z4XaCL6dUDHfP/jT25jJKMmtxvuwbkrD1vNSMFlo9lNLY2c5FHYSQgHPRZUjAB26TpDEoW9HCOgplrdbaPV/ew==",
      "license": "MIT",
      "dependencies": {
        "graceful-fs": "^4.2.0",
        "jsonfile": "^6.0.1",
        "universalify": "^2.0.0"
      },
      "engines": {
        "node": ">=14.14"
      }
    },
    "node_modules/get-east-asian-width": {
      "version": "1.3.0",
      "resolved": "https://registry.npmjs.org/get-east-asian-width/-/get-east-asian-width-1.3.0.tgz",
      "integrity": "sha512-vpeMIQKxczTD/0s2CdEWHcb0eeJe6TFjxb+J5xgX7hScxqrGuyjmv4c1D4A/gelKfyox0gJJwIHF+fLjeaM8kQ==",
      "license": "MIT",
      "engines": {
        "node": ">=18"
      },
      "funding": {
        "url": "https://github.com/sponsors/sindresorhus"
      }
    },
    "node_modules/graceful-fs": {
      "version": "4.2.11",
      "resolved": "https://registry.npmjs.org/graceful-fs/-/graceful-fs-4.2.11.tgz",
      "integrity": "sha512-RbJ5/jmFcNNCcDV5o9eTnBLJ/HszWV0P73bc+Ff4nS/rJj+YaS6IGyiOL0VoBYX+l1Wrl3k63h/KrH+nhJ0XvQ==",
      "license": "ISC"
    },
    "node_modules/has-flag": {
      "version": "4.0.0",
      "resolved": "https://registry.npmjs.org/has-flag/-/has-flag-4.0.0.tgz",
      "integrity": "sha512-EykJT/Q1KjTWctppgIAgfSO0tKVuZUjhgMr17kqTumMl6Afv3EISleU7qZUzoXDFTAHTDC4NOoG/ZxU3EvlMPQ==",
      "license": "MIT",
      "engines": {
        "node": ">=8"
      }
    },
    "node_modules/iconv-lite": {
      "version": "0.4.24",
      "resolved": "https://registry.npmjs.org/iconv-lite/-/iconv-lite-0.4.24.tgz",
      "integrity": "sha512-v3MXnZAcvnywkTUEZomIActle7RXXeedOR31wwl7VlyoXO4Qi9arvSenNQWne1TcRwhCL1HwLI21bEqdpj8/rA==",
      "license": "MIT",
      "dependencies": {
        "safer-buffer": ">= 2.1.2 < 3"
      },
      "engines": {
        "node": ">=0.10.0"
      }
    },
    "node_modules/inquirer": {
      "version": "12.4.2",
      "resolved": "https://registry.npmjs.org/inquirer/-/inquirer-12.4.2.tgz",
      "integrity": "sha512-reyjHcwyK2LObXgTJH4T1Dpfhwu88LNPTZmg/KenmTsy3T8lN/kZT8Oo7UwwkB9q8+ss2qjjN7GV8oFAfyz9Xg==",
      "license": "MIT",
      "dependencies": {
        "@inquirer/core": "^10.1.7",
        "@inquirer/prompts": "^7.3.2",
        "@inquirer/type": "^3.0.4",
        "ansi-escapes": "^4.3.2",
        "mute-stream": "^2.0.0",
        "run-async": "^3.0.0",
        "rxjs": "^7.8.1"
      },
      "engines": {
        "node": ">=18"
      },
      "peerDependencies": {
        "@types/node": ">=18"
      },
      "peerDependenciesMeta": {
        "@types/node": {
          "optional": true
        }
      }
    },
    "node_modules/is-fullwidth-code-point": {
      "version": "3.0.0",
      "resolved": "https://registry.npmjs.org/is-fullwidth-code-point/-/is-fullwidth-code-point-3.0.0.tgz",
      "integrity": "sha512-zymm5+u+sCsSWyD9qNaejV3DFvhCKclKdizYaJUuHA83RLjb7nSuGnddCHGv0hk+KY7BMAlsWeK4Ueg6EV6XQg==",
      "license": "MIT",
      "engines": {
        "node": ">=8"
      }
    },
    "node_modules/jsonfile": {
      "version": "6.1.0",
      "resolved": "https://registry.npmjs.org/jsonfile/-/jsonfile-6.1.0.tgz",
      "integrity": "sha512-5dgndWOriYSm5cnYaJNhalLNDKOqFwyDB/rr1E9ZsGciGvKPs8R2xYGCacuf3z6K1YKDz182fd+fY3cn3pMqXQ==",
      "license": "MIT",
      "dependencies": {
        "universalify": "^2.0.0"
      },
      "optionalDependencies": {
        "graceful-fs": "^4.1.6"
      }
    },
    "node_modules/kleur": {
      "version": "3.0.3",
      "resolved": "https://registry.npmjs.org/kleur/-/kleur-3.0.3.tgz",
      "integrity": "sha512-eTIzlVOSUR+JxdDFepEYcBMtZ9Qqdef+rnzWdRZuMbOywu5tO2w2N7rqjoANZ5k9vywhL6Br1VRjUIgTQx4E8w==",
      "license": "MIT",
      "engines": {
        "node": ">=6"
      }
    },
    "node_modules/lilconfig": {
      "version": "2.1.0",
      "resolved": "https://registry.npmjs.org/lilconfig/-/lilconfig-2.1.0.tgz",
      "integrity": "sha512-utWOt/GHzuUxnLKxB6dk81RoOeoNeHgbrXiuGk4yyF5qlRz+iIVWu56E2fqGHFrXz0QNUhLB/8nKqvRH66JKGQ==",
      "license": "MIT",
      "engines": {
        "node": ">=10"
      }
    },
    "node_modules/lodash": {
      "version": "4.17.21",
      "resolved": "https://registry.npmjs.org/lodash/-/lodash-4.17.21.tgz",
      "integrity": "sha512-v2kDEe57lecTulaDIuNTPy3Ry4gLGJ6Z1O3vE1krgXZNrsQ+LFTGHVxVjcXPs17LhbZVGedAJv8XZ1tvj5FvSg==",
      "license": "MIT"
    },
    "node_modules/ms": {
      "version": "2.1.3",
      "resolved": "https://registry.npmjs.org/ms/-/ms-2.1.3.tgz",
      "integrity": "sha512-6FlzubTLZG3J2a/NVCAleEhjzq5oxgHyaCU9yYXvcLsvoVaHJq/s5xXI6/XXP6tz7R9xAOtHnSO/tXtF3WRTlA==",
      "license": "MIT"
    },
    "node_modules/mute-stream": {
      "version": "2.0.0",
      "resolved": "https://registry.npmjs.org/mute-stream/-/mute-stream-2.0.0.tgz",
      "integrity": "sha512-WWdIxpyjEn+FhQJQQv9aQAYlHoNVdzIzUySNV1gHUPDSdZJ3yZn7pAAbQcV7B56Mvu881q9FZV+0Vx2xC44VWA==",
      "license": "ISC",
      "engines": {
        "node": "^18.17.0 || >=20.5.0"
      }
    },
    "node_modules/os-tmpdir": {
      "version": "1.0.2",
      "resolved": "https://registry.npmjs.org/os-tmpdir/-/os-tmpdir-1.0.2.tgz",
      "integrity": "sha512-D2FR03Vir7FIu45XBY20mTb+/ZSWB00sjU9jdQXt83gDrI4Ztz5Fs7/yy74g2N5SVQY4xY1qDr4rNddwYRVX0g==",
      "license": "MIT",
      "engines": {
        "node": ">=0.10.0"
      }
    },
    "node_modules/pluralize": {
      "version": "8.0.0",
      "resolved": "https://registry.npmjs.org/pluralize/-/pluralize-8.0.0.tgz",
      "integrity": "sha512-Nc3IT5yHzflTfbjgqWcCPpo7DaKy4FnpB0l/zCAW0Tc7jxAiuqSxHasntB3D7887LSrA93kDJ9IXovxJYxyLCA==",
      "license": "MIT",
      "engines": {
        "node": ">=4"
      }
    },
    "node_modules/prismalux": {
      "version": "0.1.3",
      "resolved": "https://registry.npmjs.org/prismalux/-/prismalux-0.1.3.tgz",
      "integrity": "sha512-oL2ZkRLR9W9rHj0IFgC6rT5EvLx4ujeU+YxfryZIBxL3ygEBePFY7SdULVtMXQr6xi2ska6RrO2Q6FCObh7npg==",
      "license": "MIT",
      "bin": {
        "prismalux": "output/bin.js"
      }
    },
    "node_modules/prismaql": {
      "version": "0.1.0",
      "resolved": "https://registry.npmjs.org/prismaql/-/prismaql-0.1.0.tgz",
      "integrity": "sha512-pi+rp/QfdRtCZtbXj7mCgmNZbrEykBZ4A96d1nW6j7CyO1UeXJqZmCud7IgE+jmNDW1GzjAOxpwtZpFLWAjoDQ==",
      "license": "MIT",
      "dependencies": {
        "@mrleebo/prisma-ast": "^0.12.1",
        "@prisma/internals": "^6.4.1",
        "boxen": "^8.0.1",
        "chalk": "^4.1.2",
        "change-case": "^5.4.4",
        "cli-table3": "^0.6.5",
        "fs-extra": "^11.3.0",
        "pluralize": "^8.0.0",
        "prismalux": "^0.1.3",
        "treeify": "^1.1.0"
      }
    },
    "node_modules/prismaql/node_modules/chalk": {
      "version": "4.1.2",
      "resolved": "https://registry.npmjs.org/chalk/-/chalk-4.1.2.tgz",
      "integrity": "sha512-oKnbhFyRIXpUuez8iBMmyEa4nbj4IOQyuhc/wy9kY7/WVPcwIO9VA668Pu8RkO7+0G76SLROeyw9CpQ061i4mA==",
      "license": "MIT",
      "dependencies": {
        "ansi-styles": "^4.1.0",
        "supports-color": "^7.1.0"
      },
      "engines": {
        "node": ">=10"
      },
      "funding": {
        "url": "https://github.com/chalk/chalk?sponsor=1"
      }
    },
    "node_modules/prompts": {
      "version": "2.4.2",
      "resolved": "https://registry.npmjs.org/prompts/-/prompts-2.4.2.tgz",
      "integrity": "sha512-NxNv/kLguCA7p3jE8oL2aEBsrJWgAakBpgmgK6lpPWV+WuOmY6r2/zbAVnP+T8bQlA0nzHXSJSJW0Hq7ylaD2Q==",
      "license": "MIT",
      "dependencies": {
        "kleur": "^3.0.3",
        "sisteransi": "^1.0.5"
      },
      "engines": {
        "node": ">= 6"
      }
    },
    "node_modules/regexp-to-ast": {
      "version": "0.5.0",
      "resolved": "https://registry.npmjs.org/regexp-to-ast/-/regexp-to-ast-0.5.0.tgz",
      "integrity": "sha512-tlbJqcMHnPKI9zSrystikWKwHkBqu2a/Sgw01h3zFjvYrMxEDYHzzoMZnUrbIfpTFEsoRnnviOXNCzFiSc54Qw==",
      "license": "MIT"
    },
    "node_modules/run-async": {
      "version": "3.0.0",
      "resolved": "https://registry.npmjs.org/run-async/-/run-async-3.0.0.tgz",
      "integrity": "sha512-540WwVDOMxA6dN6We19EcT9sc3hkXPw5mzRNGM3FkdN/vtE9NFvj5lFAPNwUDmJjXidm3v7TC1cTE7t17Ulm1Q==",
      "license": "MIT",
      "engines": {
        "node": ">=0.12.0"
      }
    },
    "node_modules/rxjs": {
      "version": "7.8.2",
      "resolved": "https://registry.npmjs.org/rxjs/-/rxjs-7.8.2.tgz",
      "integrity": "sha512-dhKf903U/PQZY6boNNtAGdWbG85WAbjT/1xYoZIC7FAY0yWapOBQVsVrDl58W86//e1VpMNBtRV4MaXfdMySFA==",
      "license": "Apache-2.0",
      "dependencies": {
        "tslib": "^2.1.0"
      }
    },
    "node_modules/safer-buffer": {
      "version": "2.1.2",
      "resolved": "https://registry.npmjs.org/safer-buffer/-/safer-buffer-2.1.2.tgz",
      "integrity": "sha512-YZo3K82SD7Riyi0E1EQPojLz7kpepnSQI9IyPbHHg1XXXevb5dJI7tpyN2ADxGcQbHG7vcyRHk0cbwqcQriUtg==",
      "license": "MIT"
    },
    "node_modules/signal-exit": {
      "version": "4.1.0",
      "resolved": "https://registry.npmjs.org/signal-exit/-/signal-exit-4.1.0.tgz",
      "integrity": "sha512-bzyZ1e88w9O1iNJbKnOlvYTrWPDl46O1bG0D3XInv+9tkPrxrN8jUUTiFlDkkmKWgn1M6CfIA13SuGqOa9Korw==",
      "license": "ISC",
      "engines": {
        "node": ">=14"
      },
      "funding": {
        "url": "https://github.com/sponsors/isaacs"
      }
    },
    "node_modules/sisteransi": {
      "version": "1.0.5",
      "resolved": "https://registry.npmjs.org/sisteransi/-/sisteransi-1.0.5.tgz",
      "integrity": "sha512-bLGGlR1QxBcynn2d5YmDX4MGjlZvy2MRBDRNHLJ8VI6l6+9FUiyTFNJ0IveOSP0bcXgVDPRcfGqA0pjaqUpfVg==",
      "license": "MIT"
    },
    "node_modules/string-width": {
      "version": "7.2.0",
      "resolved": "https://registry.npmjs.org/string-width/-/string-width-7.2.0.tgz",
      "integrity": "sha512-tsaTIkKW9b4N+AEj+SVA+WhJzV7/zMhcSu78mLKWSk7cXMOSHsBKFWUs0fWwq8QyK3MgJBQRX6Gbi4kYbdvGkQ==",
      "license": "MIT",
      "dependencies": {
        "emoji-regex": "^10.3.0",
        "get-east-asian-width": "^1.0.0",
        "strip-ansi": "^7.1.0"
      },
      "engines": {
        "node": ">=18"
      },
      "funding": {
        "url": "https://github.com/sponsors/sindresorhus"
      }
    },
    "node_modules/strip-ansi": {
      "version": "7.1.0",
      "resolved": "https://registry.npmjs.org/strip-ansi/-/strip-ansi-7.1.0.tgz",
      "integrity": "sha512-iq6eVVI64nQQTRYq2KtEg2d2uU7LElhTJwsH4YzIHZshxlgZms/wIc4VoDQTlG/IvVIrBKG06CrZnp0qv7hkcQ==",
      "license": "MIT",
      "dependencies": {
        "ansi-regex": "^6.0.1"
      },
      "engines": {
        "node": ">=12"
      },
      "funding": {
        "url": "https://github.com/chalk/strip-ansi?sponsor=1"
      }
    },
    "node_modules/supports-color": {
      "version": "7.2.0",
      "resolved": "https://registry.npmjs.org/supports-color/-/supports-color-7.2.0.tgz",
      "integrity": "sha512-qpCAvRl9stuOHveKsn7HncJRvv501qIacKzQlO/+Lwxc9+0q2wLyv4Dfvt80/DPn2pqOBsJdDiogXGR9+OvwRw==",
      "license": "MIT",
      "dependencies": {
        "has-flag": "^4.0.0"
      },
      "engines": {
        "node": ">=8"
      }
    },
    "node_modules/tmp": {
      "version": "0.0.33",
      "resolved": "https://registry.npmjs.org/tmp/-/tmp-0.0.33.tgz",
      "integrity": "sha512-jRCJlojKnZ3addtTOjdIqoRuPEKBvNXcGYqzO6zWZX8KfKEpnGY5jfggJQ3EjKuu8D4bJRr0y+cYJFmYbImXGw==",
      "license": "MIT",
      "dependencies": {
        "os-tmpdir": "~1.0.2"
      },
      "engines": {
        "node": ">=0.6.0"
      }
    },
    "node_modules/treeify": {
      "version": "1.1.0",
      "resolved": "https://registry.npmjs.org/treeify/-/treeify-1.1.0.tgz",
      "integrity": "sha512-1m4RA7xVAJrSGrrXGs0L3YTwyvBs2S8PbRHaLZAkFw7JR8oIFwYtysxlBZhYIa7xSyiYJKZ3iGrrk55cGA3i9A==",
      "license": "MIT",
      "engines": {
        "node": ">=0.6"
      }
    },
    "node_modules/tslib": {
      "version": "2.8.1",
      "resolved": "https://registry.npmjs.org/tslib/-/tslib-2.8.1.tgz",
      "integrity": "sha512-oJFu94HQb+KVduSUQL7wnpmqnfmLsOA/nAh6b6EH0wCEoK0/mPeXU6c3wKDV83MkOuHPRHtSXKKU99IBazS/2w==",
      "license": "0BSD"
    },
    "node_modules/type-fest": {
      "version": "0.21.3",
      "resolved": "https://registry.npmjs.org/type-fest/-/type-fest-0.21.3.tgz",
      "integrity": "sha512-t0rzBq87m3fVcduHDUFhKmyyX+9eo6WQjZvf51Ea/M0Q7+T374Jp1aUiyUl0GKxp8M/OETVHSDvmkyPgvX+X2w==",
      "license": "(MIT OR CC0-1.0)",
      "engines": {
        "node": ">=10"
      },
      "funding": {
        "url": "https://github.com/sponsors/sindresorhus"
      }
    },
    "node_modules/typescript": {
      "version": "5.8.2",
      "resolved": "https://registry.npmjs.org/typescript/-/typescript-5.8.2.tgz",
      "integrity": "sha512-aJn6wq13/afZp/jT9QZmwEjDqqvSGp1VT5GVg+f/t6/oVyrgXM6BY1h9BRh/O5p3PlUPAe+WuiEZOmb/49RqoQ==",
      "devOptional": true,
      "license": "Apache-2.0",
      "bin": {
        "tsc": "bin/tsc",
        "tsserver": "bin/tsserver"
      },
      "engines": {
        "node": ">=14.17"
      }
    },
    "node_modules/undici-types": {
      "version": "6.20.0",
      "resolved": "https://registry.npmjs.org/undici-types/-/undici-types-6.20.0.tgz",
      "integrity": "sha512-Ny6QZ2Nju20vw1SRHe3d9jVu6gJ+4e3+MMpqu7pqE5HT6WsTSlce++GQmK5UXS8mzV8DSYHrQH+Xrf2jVcuKNg==",
      "devOptional": true,
      "license": "MIT"
    },
    "node_modules/universalify": {
      "version": "2.0.1",
      "resolved": "https://registry.npmjs.org/universalify/-/universalify-2.0.1.tgz",
      "integrity": "sha512-gptHNQghINnc/vTGIk0SOFGFNXw7JVrlRUtConJRlvaw6DuX0wO5Jeko9sWrMBhh+PsYAZ7oXAiOnf/UKogyiw==",
      "license": "MIT",
      "engines": {
        "node": ">= 10.0.0"
      }
    },
    "node_modules/widest-line": {
      "version": "5.0.0",
      "resolved": "https://registry.npmjs.org/widest-line/-/widest-line-5.0.0.tgz",
      "integrity": "sha512-c9bZp7b5YtRj2wOe6dlj32MK+Bx/M/d+9VB2SHM1OtsUHR0aV0tdP6DWh/iMt0kWi1t5g1Iudu6hQRNd1A4PVA==",
      "license": "MIT",
      "dependencies": {
        "string-width": "^7.0.0"
      },
      "engines": {
        "node": ">=18"
      },
      "funding": {
        "url": "https://github.com/sponsors/sindresorhus"
      }
    },
    "node_modules/wrap-ansi": {
      "version": "6.2.0",
      "resolved": "https://registry.npmjs.org/wrap-ansi/-/wrap-ansi-6.2.0.tgz",
      "integrity": "sha512-r6lPcBGxZXlIcymEu7InxDMhdW0KDxpLgoFLcguasxCaJ/SOIZwINatK9KY/tf+ZrlywOKU0UDj3ATXUBfxJXA==",
      "license": "MIT",
      "dependencies": {
        "ansi-styles": "^4.0.0",
        "string-width": "^4.1.0",
        "strip-ansi": "^6.0.0"
      },
      "engines": {
        "node": ">=8"
      }
    },
    "node_modules/wrap-ansi/node_modules/ansi-regex": {
      "version": "5.0.1",
      "resolved": "https://registry.npmjs.org/ansi-regex/-/ansi-regex-5.0.1.tgz",
      "integrity": "sha512-quJQXlTSUGL2LH9SUXo8VwsY4soanhgo6LNSm84E1LBcE8s3O0wpdiRzyR9z/ZZJMlMWv37qOOb9pdJlMUEKFQ==",
      "license": "MIT",
      "engines": {
        "node": ">=8"
      }
    },
    "node_modules/wrap-ansi/node_modules/emoji-regex": {
      "version": "8.0.0",
      "resolved": "https://registry.npmjs.org/emoji-regex/-/emoji-regex-8.0.0.tgz",
      "integrity": "sha512-MSjYzcWNOA0ewAHpz0MxpYFvwg6yjy1NG3xteoqz644VCo/RPgnr1/GGt+ic3iJTzQ8Eu3TdM14SawnVUmGE6A==",
      "license": "MIT"
    },
    "node_modules/wrap-ansi/node_modules/string-width": {
      "version": "4.2.3",
      "resolved": "https://registry.npmjs.org/string-width/-/string-width-4.2.3.tgz",
      "integrity": "sha512-wKyQRQpjJ0sIp62ErSZdGsjMJWsap5oRNihHhu6G7JVO/9jIB6UyevL+tXuOqrng8j/cxKTWyWUwvSTriiZz/g==",
      "license": "MIT",
      "dependencies": {
        "emoji-regex": "^8.0.0",
        "is-fullwidth-code-point": "^3.0.0",
        "strip-ansi": "^6.0.1"
      },
      "engines": {
        "node": ">=8"
      }
    },
    "node_modules/wrap-ansi/node_modules/strip-ansi": {
      "version": "6.0.1",
      "resolved": "https://registry.npmjs.org/strip-ansi/-/strip-ansi-6.0.1.tgz",
      "integrity": "sha512-Y38VPSHcqkFrCpFnQ9vuSXmquuv5oXOKpGeT6aGrr3o3Gc9AlVa6JBfUSOCnbxGGZF+/0ooI7KrPuUSztUdU5A==",
      "license": "MIT",
      "dependencies": {
        "ansi-regex": "^5.0.1"
      },
      "engines": {
        "node": ">=8"
      }
    },
    "node_modules/yoctocolors-cjs": {
      "version": "2.1.2",
      "resolved": "https://registry.npmjs.org/yoctocolors-cjs/-/yoctocolors-cjs-2.1.2.tgz",
      "integrity": "sha512-cYVsTjKl8b+FrnidjibDWskAv7UKOfcwaVZdp/it9n1s9fU3IkgDbhdIRKCW4JDsAlECJY0ytoVPT3sK6kideA==",
      "license": "MIT",
      "engines": {
        "node": ">=18"
      },
      "funding": {
        "url": "https://github.com/sponsors/sindresorhus"
      }
    }
  }
}
